
Microsoft Visual Studio Solution File, Format Version 12.00
# Visual Studio 15
VisualStudioVersion = 15.0.26430.15
MinimumVisualStudioVersion = 10.0.40219.1
Project("{FAE04EC0-301F-11D3-BF4B-00C04F79EFBC}") = "CoinBaseSharp", "CoinBaseSharp\CoinBaseSharp.csproj", "{CC9F99B6-1FF6-4F71-9667-B649783946FC}"
EndProject
Project("{FAE04EC0-301F-11D3-BF4B-00C04F79EFBC}") = "TestApplication", "TestApplication\TestApplication.csproj", "{9D729071-9007-4918-83EB-60D1B51822B6}"
EndProject
Project("{FAE04EC0-301F-11D3-BF4B-00C04F79EFBC}") = "Jil", "Jil\Jil.csproj", "{73D243E7-DD9B-4546-9B71-4EE8BF5ED6C3}"
EndProject
Project("{FAE04EC0-301F-11D3-BF4B-00C04F79EFBC}") = "ServiceStack.Text", "ServiceStack.Text\ServiceStack.Text.csproj", "{579B3FDB-CDAD-44E1-8417-885C38E49A0E}"
EndProject
Project("{9A19103F-16F7-4668-BE54-9A1E7A4F7556}") = "libCoinBaseSharp", "libCoinBaseSharp\libCoinBaseSharp.csproj", "{F42F056E-5BA0-4655-84D6-68C8456955E5}"
EndProject
Project("{2150E333-8FDC-42A3-9474-1A3956D46DE8}") = "Net_2_0", "Net_2_0", "{F38CD240-F8DF-4923-A58D-501BDA841385}"
EndProject
Project("{9A19103F-16F7-4668-BE54-9A1E7A4F7556}") = "CoinBaseCore", "CoinBaseCore\CoinBaseCore.csproj", "{1DB48A58-A380-4CB7-986D-1A296C57DB86}"
EndProject
Project("{E53339B2-1760-4266-BCC7-CA923CBCF16C}") = "docker-compose", "docker-compose.dcproj", "{2433E614-F94C-42CB-B607-63CB41753879}"
EndProject
Project("{FAE04EC0-301F-11D3-BF4B-00C04F79EFBC}") = "CoinBaseTestApplicationNetCore", "..\CoinBaseTestApplicationNetCore\CoinBaseTestApplicationNetCore.csproj", "{59874181-8F22-4D35-9C12-62B18C046054}"
EndProject
Project("{FAE04EC0-301F-11D3-BF4B-00C04F79EFBC}") = "CoinBaseNonCore", "CoinBaseNonCore\CoinBaseNonCore.csproj", "{AA0743D2-E949-48A3-BCD1-09C0924133C8}"
EndProject
Global
	GlobalSection(SolutionConfigurationPlatforms) = preSolution
		Debug|Any CPU = Debug|Any CPU
		MonoTouch|Any CPU = MonoTouch|Any CPU
		Release_ExhaustiveTest|Any CPU = Release_ExhaustiveTest|Any CPU
		Release|Any CPU = Release|Any CPU
		Signed|Any CPU = Signed|Any CPU
	EndGlobalSection
	GlobalSection(ProjectConfigurationPlatforms) = postSolution
		{CC9F99B6-1FF6-4F71-9667-B649783946FC}.Debug|Any CPU.ActiveCfg = Debug|Any CPU
		{CC9F99B6-1FF6-4F71-9667-B649783946FC}.Debug|Any CPU.Build.0 = Debug|Any CPU
		{CC9F99B6-1FF6-4F71-9667-B649783946FC}.MonoTouch|Any CPU.ActiveCfg = Release|Any CPU
		{CC9F99B6-1FF6-4F71-9667-B649783946FC}.MonoTouch|Any CPU.Build.0 = Release|Any CPU
		{CC9F99B6-1FF6-4F71-9667-B649783946FC}.Release_ExhaustiveTest|Any CPU.ActiveCfg = Release|Any CPU
		{CC9F99B6-1FF6-4F71-9667-B649783946FC}.Release_ExhaustiveTest|Any CPU.Build.0 = Release|Any CPU
		{CC9F99B6-1FF6-4F71-9667-B649783946FC}.Release|Any CPU.ActiveCfg = Release|Any CPU
		{CC9F99B6-1FF6-4F71-9667-B649783946FC}.Release|Any CPU.Build.0 = Release|Any CPU
		{CC9F99B6-1FF6-4F71-9667-B649783946FC}.Signed|Any CPU.ActiveCfg = Release|Any CPU
		{CC9F99B6-1FF6-4F71-9667-B649783946FC}.Signed|Any CPU.Build.0 = Release|Any CPU
		{9D729071-9007-4918-83EB-60D1B51822B6}.Debug|Any CPU.ActiveCfg = Debug|Any CPU
		{9D729071-9007-4918-83EB-60D1B51822B6}.Debug|Any CPU.Build.0 = Debug|Any CPU
		{9D729071-9007-4918-83EB-60D1B51822B6}.MonoTouch|Any CPU.ActiveCfg = Release|Any CPU
		{9D729071-9007-4918-83EB-60D1B51822B6}.MonoTouch|Any CPU.Build.0 = Release|Any CPU
		{9D729071-9007-4918-83EB-60D1B51822B6}.Release_ExhaustiveTest|Any CPU.ActiveCfg = Release|Any CPU
		{9D729071-9007-4918-83EB-60D1B51822B6}.Release_ExhaustiveTest|Any CPU.Build.0 = Release|Any CPU
		{9D729071-9007-4918-83EB-60D1B51822B6}.Release|Any CPU.ActiveCfg = Release|Any CPU
		{9D729071-9007-4918-83EB-60D1B51822B6}.Release|Any CPU.Build.0 = Release|Any CPU
		{9D729071-9007-4918-83EB-60D1B51822B6}.Signed|Any CPU.ActiveCfg = Release|Any CPU
		{9D729071-9007-4918-83EB-60D1B51822B6}.Signed|Any CPU.Build.0 = Release|Any CPU
		{73D243E7-DD9B-4546-9B71-4EE8BF5ED6C3}.Debug|Any CPU.ActiveCfg = Debug|Any CPU
		{73D243E7-DD9B-4546-9B71-4EE8BF5ED6C3}.Debug|Any CPU.Build.0 = Debug|Any CPU
		{73D243E7-DD9B-4546-9B71-4EE8BF5ED6C3}.MonoTouch|Any CPU.ActiveCfg = Release|Any CPU
		{73D243E7-DD9B-4546-9B71-4EE8BF5ED6C3}.MonoTouch|Any CPU.Build.0 = Release|Any CPU
		{73D243E7-DD9B-4546-9B71-4EE8BF5ED6C3}.Release_ExhaustiveTest|Any CPU.ActiveCfg = Release_ExhaustiveTest|Any CPU
		{73D243E7-DD9B-4546-9B71-4EE8BF5ED6C3}.Release_ExhaustiveTest|Any CPU.Build.0 = Release_ExhaustiveTest|Any CPU
		{73D243E7-DD9B-4546-9B71-4EE8BF5ED6C3}.Release|Any CPU.ActiveCfg = Release|Any CPU
		{73D243E7-DD9B-4546-9B71-4EE8BF5ED6C3}.Release|Any CPU.Build.0 = Release|Any CPU
		{73D243E7-DD9B-4546-9B71-4EE8BF5ED6C3}.Signed|Any CPU.ActiveCfg = Release|Any CPU
		{73D243E7-DD9B-4546-9B71-4EE8BF5ED6C3}.Signed|Any CPU.Build.0 = Release|Any CPU
		{579B3FDB-CDAD-44E1-8417-885C38E49A0E}.Debug|Any CPU.ActiveCfg = Debug|Any CPU
		{579B3FDB-CDAD-44E1-8417-885C38E49A0E}.Debug|Any CPU.Build.0 = Debug|Any CPU
		{579B3FDB-CDAD-44E1-8417-885C38E49A0E}.MonoTouch|Any CPU.ActiveCfg = MonoTouch|Any CPU
		{579B3FDB-CDAD-44E1-8417-885C38E49A0E}.MonoTouch|Any CPU.Build.0 = MonoTouch|Any CPU
		{579B3FDB-CDAD-44E1-8417-885C38E49A0E}.Release_ExhaustiveTest|Any CPU.ActiveCfg = Release|Any CPU
		{579B3FDB-CDAD-44E1-8417-885C38E49A0E}.Release_ExhaustiveTest|Any CPU.Build.0 = Release|Any CPU
		{579B3FDB-CDAD-44E1-8417-885C38E49A0E}.Release|Any CPU.ActiveCfg = Release|Any CPU
		{579B3FDB-CDAD-44E1-8417-885C38E49A0E}.Release|Any CPU.Build.0 = Release|Any CPU
		{579B3FDB-CDAD-44E1-8417-885C38E49A0E}.Signed|Any CPU.ActiveCfg = Signed|Any CPU
		{579B3FDB-CDAD-44E1-8417-885C38E49A0E}.Signed|Any CPU.Build.0 = Signed|Any CPU
		{F42F056E-5BA0-4655-84D6-68C8456955E5}.Debug|Any CPU.ActiveCfg = Debug|Any CPU
		{F42F056E-5BA0-4655-84D6-68C8456955E5}.Debug|Any CPU.Build.0 = Debug|Any CPU
		{F42F056E-5BA0-4655-84D6-68C8456955E5}.MonoTouch|Any CPU.ActiveCfg = Debug|Any CPU
		{F42F056E-5BA0-4655-84D6-68C8456955E5}.MonoTouch|Any CPU.Build.0 = Debug|Any CPU
		{F42F056E-5BA0-4655-84D6-68C8456955E5}.Release_ExhaustiveTest|Any CPU.ActiveCfg = Release|Any CPU
		{F42F056E-5BA0-4655-84D6-68C8456955E5}.Release_ExhaustiveTest|Any CPU.Build.0 = Release|Any CPU
		{F42F056E-5BA0-4655-84D6-68C8456955E5}.Release|Any CPU.ActiveCfg = Release|Any CPU
		{F42F056E-5BA0-4655-84D6-68C8456955E5}.Release|Any CPU.Build.0 = Release|Any CPU
		{F42F056E-5BA0-4655-84D6-68C8456955E5}.Signed|Any CPU.ActiveCfg = Debug|Any CPU
		{F42F056E-5BA0-4655-84D6-68C8456955E5}.Signed|Any CPU.Build.0 = Debug|Any CPU
		{1DB48A58-A380-4CB7-986D-1A296C57DB86}.Debug|Any CPU.ActiveCfg = Debug|Any CPU
		{1DB48A58-A380-4CB7-986D-1A296C57DB86}.Debug|Any CPU.Build.0 = Debug|Any CPU
		{1DB48A58-A380-4CB7-986D-1A296C57DB86}.MonoTouch|Any CPU.ActiveCfg = Debug|Any CPU
		{1DB48A58-A380-4CB7-986D-1A296C57DB86}.MonoTouch|Any CPU.Build.0 = Debug|Any CPU
		{1DB48A58-A380-4CB7-986D-1A296C57DB86}.Release_ExhaustiveTest|Any CPU.ActiveCfg = Release|Any CPU
		{1DB48A58-A380-4CB7-986D-1A296C57DB86}.Release_ExhaustiveTest|Any CPU.Build.0 = Release|Any CPU
		{1DB48A58-A380-4CB7-986D-1A296C57DB86}.Release|Any CPU.ActiveCfg = Release|Any CPU
		{1DB48A58-A380-4CB7-986D-1A296C57DB86}.Release|Any CPU.Build.0 = Release|Any CPU
		{1DB48A58-A380-4CB7-986D-1A296C57DB86}.Signed|Any CPU.ActiveCfg = Debug|Any CPU
		{1DB48A58-A380-4CB7-986D-1A296C57DB86}.Signed|Any CPU.Build.0 = Debug|Any CPU
		{2433E614-F94C-42CB-B607-63CB41753879}.Debug|Any CPU.ActiveCfg = Debug|Any CPU
		{2433E614-F94C-42CB-B607-63CB41753879}.Debug|Any CPU.Build.0 = Debug|Any CPU
		{2433E614-F94C-42CB-B607-63CB41753879}.MonoTouch|Any CPU.ActiveCfg = Debug|Any CPU
		{2433E614-F94C-42CB-B607-63CB41753879}.MonoTouch|Any CPU.Build.0 = Debug|Any CPU
		{2433E614-F94C-42CB-B607-63CB41753879}.Release_ExhaustiveTest|Any CPU.ActiveCfg = Release|Any CPU
		{2433E614-F94C-42CB-B607-63CB41753879}.Release_ExhaustiveTest|Any CPU.Build.0 = Release|Any CPU
		{2433E614-F94C-42CB-B607-63CB41753879}.Release|Any CPU.ActiveCfg = Release|Any CPU
		{2433E614-F94C-42CB-B607-63CB41753879}.Release|Any CPU.Build.0 = Release|Any CPU
		{2433E614-F94C-42CB-B607-63CB41753879}.Signed|Any CPU.ActiveCfg = Debug|Any CPU
		{2433E614-F94C-42CB-B607-63CB41753879}.Signed|Any CPU.Build.0 = Debug|Any CPU
		{59874181-8F22-4D35-9C12-62B18C046054}.Debug|Any CPU.ActiveCfg = Debug|Any CPU
		{59874181-8F22-4D35-9C12-62B18C046054}.Debug|Any CPU.Build.0 = Debug|Any CPU
		{59874181-8F22-4D35-9C12-62B18C046054}.MonoTouch|Any CPU.ActiveCfg = Debug|Any CPU
		{59874181-8F22-4D35-9C12-62B18C046054}.MonoTouch|Any CPU.Build.0 = Debug|Any CPU
		{59874181-8F22-4D35-9C12-62B18C046054}.Release_ExhaustiveTest|Any CPU.ActiveCfg = Release|Any CPU
		{59874181-8F22-4D35-9C12-62B18C046054}.Release_ExhaustiveTest|Any CPU.Build.0 = Release|Any CPU
		{59874181-8F22-4D35-9C12-62B18C046054}.Release|Any CPU.ActiveCfg = Release|Any CPU
		{59874181-8F22-4D35-9C12-62B18C046054}.Release|Any CPU.Build.0 = Release|Any CPU
		{59874181-8F22-4D35-9C12-62B18C046054}.Signed|Any CPU.ActiveCfg = Debug|Any CPU
		{59874181-8F22-4D35-9C12-62B18C046054}.Signed|Any CPU.Build.0 = Debug|Any CPU
		{AA0743D2-E949-48A3-BCD1-09C0924133C8}.Debug|Any CPU.ActiveCfg = Debug|Any CPU
		{AA0743D2-E949-48A3-BCD1-09C0924133C8}.Debug|Any CPU.Build.0 = Debug|Any CPU
		{AA0743D2-E949-48A3-BCD1-09C0924133C8}.MonoTouch|Any CPU.ActiveCfg = Release|Any CPU
		{AA0743D2-E949-48A3-BCD1-09C0924133C8}.MonoTouch|Any CPU.Build.0 = Release|Any CPU
		{AA0743D2-E949-48A3-BCD1-09C0924133C8}.Release_ExhaustiveTest|Any CPU.ActiveCfg = Release|Any CPU
		{AA0743D2-E949-48A3-BCD1-09C0924133C8}.Release_ExhaustiveTest|Any CPU.Build.0 = Release|Any CPU
		{AA0743D2-E949-48A3-BCD1-09C0924133C8}.Release|Any CPU.ActiveCfg = Release|Any CPU
		{AA0743D2-E949-48A3-BCD1-09C0924133C8}.Release|Any CPU.Build.0 = Release|Any CPU
		{AA0743D2-E949-48A3-BCD1-09C0924133C8}.Signed|Any CPU.ActiveCfg = Release|Any CPU
		{AA0743D2-E949-48A3-BCD1-09C0924133C8}.Signed|Any CPU.Build.0 = Release|Any CPU
	EndGlobalSection
	GlobalSection(SolutionProperties) = preSolution
		HideSolutionNode = FALSE
	EndGlobalSection
	GlobalSection(NestedProjects) = preSolution
		{CC9F99B6-1FF6-4F71-9667-B649783946FC} = {F38CD240-F8DF-4923-A58D-501BDA841385}
		{9D729071-9007-4918-83EB-60D1B51822B6} = {F38CD240-F8DF-4923-A58D-501BDA841385}
		{73D243E7-DD9B-4546-9B71-4EE8BF5ED6C3} = {F38CD240-F8DF-4923-A58D-501BDA841385}
		{579B3FDB-CDAD-44E1-8417-885C38E49A0E} = {F38CD240-F8DF-4923-A58D-501BDA841385}
	EndGlobalSection
EndGlobal
